
Microsoft Visual Studio Solution File, Format Version 12.00
# Visual Studio 2013
VisualStudioVersion = 12.0.40629.0
MinimumVisualStudioVersion = 10.0.40219.1
Project("{FAE04EC0-301F-11D3-BF4B-00C04F79EFBC}") = "CDMSWeb", "CDMSWeb\CDMSWeb.csproj", "{DF6FE2AE-8BEB-4701-AC13-3574A8D9813C}"
EndProject
Project("{FAE04EC0-301F-11D3-BF4B-00C04F79EFBC}") = "ZHEPC_Plugins", "ZHEPC_Plugins\ZHEPC_Plugins.csproj", "{998AF2AC-A5E4-4CBE-901A-E13C1FD649E8}"
EndProject
Project("{FAE04EC0-301F-11D3-BF4B-00C04F79EFBC}") = "CDMSWebApi", "CDMSWebApi\CDMSWebApi\CDMSWebApi.csproj", "{1DA68F0C-52CE-4AD6-9FD7-128CE36BC31F}"
EndProject
Project("{FAE04EC0-301F-11D3-BF4B-00C04F79EFBC}") = "TBSBIM_Plugins", "TBS_Plugins\TBSBIM_Plugins.csproj", "{0F5E79E9-0AA7-49BC-B5D0-6A54AC66A551}"
EndProject
Project("{FAE04EC0-301F-11D3-BF4B-00C04F79EFBC}") = "WTMS_Plugins", "WTMS_Plugins\WTMS_Plugins.csproj", "{0B72707C-FF43-4FA9-9B6F-27EE949A14BB}"
EndProject
Project("{FAE04EC0-301F-11D3-BF4B-00C04F79EFBC}") = "HXEPC_Plugins", "HXEPC_Plugins\HXEPC_Plugins.csproj", "{951DABFC-2A89-4613-A292-744A897C4A93}"
EndProject
Project("{2150E333-8FDC-42A3-9474-1A3956D46DE8}") = "Bim格式转换", "Bim格式转换", "{9C1E08D4-D184-4EF5-940A-30F55F5C6863}"
EndProject
Project("{FAE04EC0-301F-11D3-BF4B-00C04F79EFBC}") = "ConvertDwgToPdf", "ConvertDwgToPdf\ConvertDwgToPdf.csproj", "{F05DD3EE-E311-4078-8F6D-F4BFCC4B5A46}"
EndProject
Project("{FAE04EC0-301F-11D3-BF4B-00C04F79EFBC}") = "HXPC_Plugins", "HXPC_Plugins\HXPC_Plugins.csproj", "{3E5C448B-FE5E-4ED6-8F80-BABDB81114A0}"
EndProject
Project("{FAE04EC0-301F-11D3-BF4B-00C04F79EFBC}") = "CDMSWebTest", "CDMSWebTest\CDMSWebTest.csproj", "{A2556787-0E81-4300-A01D-CE3538055950}"
EndProject
Global
	GlobalSection(SolutionConfigurationPlatforms) = preSolution
		Debug|Any CPU = Debug|Any CPU
		Debug|x86 = Debug|x86
		Release|Any CPU = Release|Any CPU
		Release|x86 = Release|x86
	EndGlobalSection
	GlobalSection(ProjectConfigurationPlatforms) = postSolution
		{DF6FE2AE-8BEB-4701-AC13-3574A8D9813C}.Debug|Any CPU.ActiveCfg = Debug|Any CPU
		{DF6FE2AE-8BEB-4701-AC13-3574A8D9813C}.Debug|Any CPU.Build.0 = Debug|Any CPU
		{DF6FE2AE-8BEB-4701-AC13-3574A8D9813C}.Debug|x86.ActiveCfg = Debug|Any CPU
		{DF6FE2AE-8BEB-4701-AC13-3574A8D9813C}.Release|Any CPU.ActiveCfg = Release|Any CPU
		{DF6FE2AE-8BEB-4701-AC13-3574A8D9813C}.Release|Any CPU.Build.0 = Release|Any CPU
		{DF6FE2AE-8BEB-4701-AC13-3574A8D9813C}.Release|x86.ActiveCfg = Release|Any CPU
		{998AF2AC-A5E4-4CBE-901A-E13C1FD649E8}.Debug|Any CPU.ActiveCfg = Debug|Any CPU
		{998AF2AC-A5E4-4CBE-901A-E13C1FD649E8}.Debug|Any CPU.Build.0 = Debug|Any CPU
		{998AF2AC-A5E4-4CBE-901A-E13C1FD649E8}.Debug|x86.ActiveCfg = Debug|Any CPU
		{998AF2AC-A5E4-4CBE-901A-E13C1FD649E8}.Release|Any CPU.ActiveCfg = Release|Any CPU
		{998AF2AC-A5E4-4CBE-901A-E13C1FD649E8}.Release|Any CPU.Build.0 = Release|Any CPU
		{998AF2AC-A5E4-4CBE-901A-E13C1FD649E8}.Release|x86.ActiveCfg = Release|Any CPU
		{1DA68F0C-52CE-4AD6-9FD7-128CE36BC31F}.Debug|Any CPU.ActiveCfg = Debug|Any CPU
		{1DA68F0C-52CE-4AD6-9FD7-128CE36BC31F}.Debug|Any CPU.Build.0 = Debug|Any CPU
		{1DA68F0C-52CE-4AD6-9FD7-128CE36BC31F}.Debug|x86.ActiveCfg = Debug|Any CPU
		{1DA68F0C-52CE-4AD6-9FD7-128CE36BC31F}.Release|Any CPU.ActiveCfg = Release|Any CPU
		{1DA68F0C-52CE-4AD6-9FD7-128CE36BC31F}.Release|Any CPU.Build.0 = Release|Any CPU
		{1DA68F0C-52CE-4AD6-9FD7-128CE36BC31F}.Release|x86.ActiveCfg = Release|Any CPU
		{0F5E79E9-0AA7-49BC-B5D0-6A54AC66A551}.Debug|Any CPU.ActiveCfg = Debug|Any CPU
		{0F5E79E9-0AA7-49BC-B5D0-6A54AC66A551}.Debug|Any CPU.Build.0 = Debug|Any CPU
		{0F5E79E9-0AA7-49BC-B5D0-6A54AC66A551}.Debug|x86.ActiveCfg = Debug|Any CPU
		{0F5E79E9-0AA7-49BC-B5D0-6A54AC66A551}.Debug|x86.Build.0 = Debug|Any CPU
		{0F5E79E9-0AA7-49BC-B5D0-6A54AC66A551}.Release|Any CPU.ActiveCfg = Release|Any CPU
		{0F5E79E9-0AA7-49BC-B5D0-6A54AC66A551}.Release|Any CPU.Build.0 = Release|Any CPU
		{0F5E79E9-0AA7-49BC-B5D0-6A54AC66A551}.Release|x86.ActiveCfg = Release|Any CPU
		{0F5E79E9-0AA7-49BC-B5D0-6A54AC66A551}.Release|x86.Build.0 = Release|Any CPU
		{0B72707C-FF43-4FA9-9B6F-27EE949A14BB}.Debug|Any CPU.ActiveCfg = Debug|Any CPU
		{0B72707C-FF43-4FA9-9B6F-27EE949A14BB}.Debug|Any CPU.Build.0 = Debug|Any CPU
		{0B72707C-FF43-4FA9-9B6F-27EE949A14BB}.Debug|x86.ActiveCfg = Debug|Any CPU
		{0B72707C-FF43-4FA9-9B6F-27EE949A14BB}.Release|Any CPU.ActiveCfg = Release|Any CPU
		{0B72707C-FF43-4FA9-9B6F-27EE949A14BB}.Release|Any CPU.Build.0 = Release|Any CPU
		{0B72707C-FF43-4FA9-9B6F-27EE949A14BB}.Release|x86.ActiveCfg = Release|Any CPU
		{951DABFC-2A89-4613-A292-744A897C4A93}.Debug|Any CPU.ActiveCfg = Debug|Any CPU
		{951DABFC-2A89-4613-A292-744A897C4A93}.Debug|Any CPU.Build.0 = Debug|Any CPU
		{951DABFC-2A89-4613-A292-744A897C4A93}.Debug|x86.ActiveCfg = Debug|Any CPU
		{951DABFC-2A89-4613-A292-744A897C4A93}.Release|Any CPU.ActiveCfg = Release|Any CPU
		{951DABFC-2A89-4613-A292-744A897C4A93}.Release|Any CPU.Build.0 = Release|Any CPU
		{951DABFC-2A89-4613-A292-744A897C4A93}.Release|x86.ActiveCfg = Release|Any CPU
		{F05DD3EE-E311-4078-8F6D-F4BFCC4B5A46}.Debug|Any CPU.ActiveCfg = Debug|Any CPU
		{F05DD3EE-E311-4078-8F6D-F4BFCC4B5A46}.Debug|Any CPU.Build.0 = Debug|Any CPU
		{F05DD3EE-E311-4078-8F6D-F4BFCC4B5A46}.Debug|x86.ActiveCfg = Debug|Any CPU
		{F05DD3EE-E311-4078-8F6D-F4BFCC4B5A46}.Release|Any CPU.ActiveCfg = Release|Any CPU
		{F05DD3EE-E311-4078-8F6D-F4BFCC4B5A46}.Release|Any CPU.Build.0 = Release|Any CPU
		{F05DD3EE-E311-4078-8F6D-F4BFCC4B5A46}.Release|x86.ActiveCfg = Release|Any CPU
		{3E5C448B-FE5E-4ED6-8F80-BABDB81114A0}.Debug|Any CPU.ActiveCfg = Debug|Any CPU
		{3E5C448B-FE5E-4ED6-8F80-BABDB81114A0}.Debug|Any CPU.Build.0 = Debug|Any CPU
		{3E5C448B-FE5E-4ED6-8F80-BABDB81114A0}.Debug|x86.ActiveCfg = Debug|Any CPU
		{3E5C448B-FE5E-4ED6-8F80-BABDB81114A0}.Release|Any CPU.ActiveCfg = Release|Any CPU
		{3E5C448B-FE5E-4ED6-8F80-BABDB81114A0}.Release|Any CPU.Build.0 = Release|Any CPU
		{3E5C448B-FE5E-4ED6-8F80-BABDB81114A0}.Release|x86.ActiveCfg = Release|Any CPU
		{A2556787-0E81-4300-A01D-CE3538055950}.Debug|Any CPU.ActiveCfg = Debug|Any CPU
		{A2556787-0E81-4300-A01D-CE3538055950}.Debug|Any CPU.Build.0 = Debug|Any CPU
		{A2556787-0E81-4300-A01D-CE3538055950}.Debug|x86.ActiveCfg = Debug|Any CPU
		{A2556787-0E81-4300-A01D-CE3538055950}.Release|Any CPU.ActiveCfg = Release|Any CPU
		{A2556787-0E81-4300-A01D-CE3538055950}.Release|Any CPU.Build.0 = Release|Any CPU
		{A2556787-0E81-4300-A01D-CE3538055950}.Release|x86.ActiveCfg = Release|Any CPU
	EndGlobalSection
	GlobalSection(SolutionProperties) = preSolution
		HideSolutionNode = FALSE
	EndGlobalSection
	GlobalSection(NestedProjects) = preSolution
		{F05DD3EE-E311-4078-8F6D-F4BFCC4B5A46} = {9C1E08D4-D184-4EF5-940A-30F55F5C6863}
	EndGlobalSection
EndGlobal
